// !$*UTF8*$!
{
	archiveVersion = 1;
	classes = {
	};
	objectVersion = 46;
	objects = {

/* Begin PBXBuildFile section */
		9C5BA1A419F4C5A800F564FD /* AppDelegate.swift in Sources */ = {isa = PBXBuildFile; fileRef = 9C5BA1A319F4C5A800F564FD /* AppDelegate.swift */; };
		9C5BA1A619F4C5A800F564FD /* ViewController.swift in Sources */ = {isa = PBXBuildFile; fileRef = 9C5BA1A519F4C5A800F564FD /* ViewController.swift */; };
		9C5BA1A919F4C5A800F564FD /* Main.storyboard in Resources */ = {isa = PBXBuildFile; fileRef = 9C5BA1A719F4C5A800F564FD /* Main.storyboard */; };
		9C5BA1AB19F4C5A800F564FD /* Images.xcassets in Resources */ = {isa = PBXBuildFile; fileRef = 9C5BA1AA19F4C5A800F564FD /* Images.xcassets */; };
		9C5BA1AE19F4C5A800F564FD /* LaunchScreen.xib in Resources */ = {isa = PBXBuildFile; fileRef = 9C5BA1AC19F4C5A800F564FD /* LaunchScreen.xib */; };
		9C5BA1BA19F4C5A800F564FD /* PostcardTests.swift in Sources */ = {isa = PBXBuildFile; fileRef = 9C5BA1B919F4C5A800F564FD /* PostcardTests.swift */; };
		9CD136FB19F62B290035CEB6 /* beehive.jpg in Resources */ = {isa = PBXBuildFile; fileRef = 9CD136FA19F62B290035CEB6 /* beehive.jpg */; };
		9CD136FD19F632AA0035CEB6 /* bee-on-yellow-flower-silo.jpg in Resources */ = {isa = PBXBuildFile; fileRef = 9CD136FC19F632AA0035CEB6 /* bee-on-yellow-flower-silo.jpg */; };
/* End PBXBuildFile section */

/* Begin PBXContainerItemProxy section */
		9C5BA1B419F4C5A800F564FD /* PBXContainerItemProxy */ = {
			isa = PBXContainerItemProxy;
			containerPortal = 9C5BA19619F4C5A800F564FD /* Project object */;
			proxyType = 1;
			remoteGlobalIDString = 9C5BA19D19F4C5A800F564FD;
			remoteInfo = Postcard;
		};
/* End PBXContainerItemProxy section */

/* Begin PBXFileReference section */
		9C5BA19E19F4C5A800F564FD /* Postcard.app */ = {isa = PBXFileReference; explicitFileType = wrapper.application; includeInIndex = 0; path = Postcard.app; sourceTree = BUILT_PRODUCTS_DIR; };
		9C5BA1A219F4C5A800F564FD /* Info.plist */ = {isa = PBXFileReference; lastKnownFileType = text.plist.xml; path = Info.plist; sourceTree = "<group>"; };
		9C5BA1A319F4C5A800F564FD /* AppDelegate.swift */ = {isa = PBXFileReference; lastKnownFileType = sourcecode.swift; path = AppDelegate.swift; sourceTree = "<group>"; };
		9C5BA1A519F4C5A800F564FD /* ViewController.swift */ = {isa = PBXFileReference; lastKnownFileType = sourcecode.swift; path = ViewController.swift; sourceTree = "<group>"; };
		9C5BA1A819F4C5A800F564FD /* Base */ = {isa = PBXFileReference; lastKnownFileType = file.storyboard; name = Base; path = Base.lproj/Main.storyboard; sourceTree = "<group>"; };
		9C5BA1AA19F4C5A800F564FD /* Images.xcassets */ = {isa = PBXFileReference; lastKnownFileType = folder.assetcatalog; path = Images.xcassets; sourceTree = "<group>"; };
		9C5BA1AD19F4C5A800F564FD /* Base */ = {isa = PBXFileReference; lastKnownFileType = file.xib; name = Base; path = Base.lproj/LaunchScreen.xib; sourceTree = "<group>"; };
		9C5BA1B319F4C5A800F564FD /* PostcardTests.xctest */ = {isa = PBXFileReference; explicitFileType = wrapper.cfbundle; includeInIndex = 0; path = PostcardTests.xctest; sourceTree = BUILT_PRODUCTS_DIR; };
		9C5BA1B819F4C5A800F564FD /* Info.plist */ = {isa = PBXFileReference; lastKnownFileType = text.plist.xml; path = Info.plist; sourceTree = "<group>"; };
		9C5BA1B919F4C5A800F564FD /* PostcardTests.swift */ = {isa = PBXFileReference; lastKnownFileType = sourcecode.swift; path = PostcardTests.swift; sourceTree = "<group>"; };
		9CD136FA19F62B290035CEB6 /* beehive.jpg */ = {isa = PBXFileReference; lastKnownFileType = image.jpeg; path = beehive.jpg; sourceTree = "<group>"; };
		9CD136FC19F632AA0035CEB6 /* bee-on-yellow-flower-silo.jpg */ = {isa = PBXFileReference; lastKnownFileType = image.jpeg; path = "bee-on-yellow-flower-silo.jpg"; sourceTree = "<group>"; };
/* End PBXFileReference section */

/* Begin PBXFrameworksBuildPhase section */
		9C5BA19B19F4C5A800F564FD /* Frameworks */ = {
			isa = PBXFrameworksBuildPhase;
			buildActionMask = 2147483647;
			files = (
			);
			runOnlyForDeploymentPostprocessing = 0;
		};
		9C5BA1B019F4C5A800F564FD /* Frameworks */ = {
			isa = PBXFrameworksBuildPhase;
			buildActionMask = 2147483647;
			files = (
			);
			runOnlyForDeploymentPostprocessing = 0;
		};
/* End PBXFrameworksBuildPhase section */

/* Begin PBXGroup section */
		9C5BA19519F4C5A800F564FD = {
			isa = PBXGroup;
			children = (
				9C5BA1A019F4C5A800F564FD /* Postcard */,
				9C5BA1B619F4C5A800F564FD /* PostcardTests */,
				9C5BA19F19F4C5A800F564FD /* Products */,
			);
			sourceTree = "<group>";
		};
		9C5BA19F19F4C5A800F564FD /* Products */ = {
			isa = PBXGroup;
			children = (
				9C5BA19E19F4C5A800F564FD /* Postcard.app */,
				9C5BA1B319F4C5A800F564FD /* PostcardTests.xctest */,
			);
			name = Products;
			sourceTree = "<group>";
		};
		9C5BA1A019F4C5A800F564FD /* Postcard */ = {
			isa = PBXGroup;
			children = (
				9C5BA1A319F4C5A800F564FD /* AppDelegate.swift */,
				9C5BA1A519F4C5A800F564FD /* ViewController.swift */,
				9C5BA1A719F4C5A800F564FD /* Main.storyboard */,
				9C5BA1AA19F4C5A800F564FD /* Images.xcassets */,
				9C5BA1AC19F4C5A800F564FD /* LaunchScreen.xib */,
				9C5BA1A119F4C5A800F564FD /* Supporting Files */,
			);
			path = Postcard;
			sourceTree = "<group>";
		};
		9C5BA1A119F4C5A800F564FD /* Supporting Files */ = {
			isa = PBXGroup;
			children = (
				9CD136FC19F632AA0035CEB6 /* bee-on-yellow-flower-silo.jpg */,
				9CD136FA19F62B290035CEB6 /* beehive.jpg */,
				9C5BA1A219F4C5A800F564FD /* Info.plist */,
			);
			name = "Supporting Files";
			sourceTree = "<group>";
		};
		9C5BA1B619F4C5A800F564FD /* PostcardTests */ = {
			isa = PBXGroup;
			children = (
				9C5BA1B919F4C5A800F564FD /* PostcardTests.swift */,
				9C5BA1B719F4C5A800F564FD /* Supporting Files */,
			);
			path = PostcardTests;
			sourceTree = "<group>";
		};
		9C5BA1B719F4C5A800F564FD /* Supporting Files */ = {
			isa = PBXGroup;
			children = (
				9C5BA1B819F4C5A800F564FD /* Info.plist */,
			);
			name = "Supporting Files";
			sourceTree = "<group>";
		};
/* End PBXGroup section */

/* Begin PBXNativeTarget section */
		9C5BA19D19F4C5A800F564FD /* Postcard */ = {
			isa = PBXNativeTarget;
			buildConfigurationList = 9C5BA1BD19F4C5A800F564FD /* Build configuration list for PBXNativeTarget "Postcard" */;
			buildPhases = (
				9C5BA19A19F4C5A800F564FD /* Sources */,
				9C5BA19B19F4C5A800F564FD /* Frameworks */,
				9C5BA19C19F4C5A800F564FD /* Resources */,
			);
			buildRules = (
			);
			dependencies = (
			);
			name = Postcard;
			productName = Postcard;
			productReference = 9C5BA19E19F4C5A800F564FD /* Postcard.app */;
			productType = "com.apple.product-type.application";
		};
		9C5BA1B219F4C5A800F564FD /* PostcardTests */ = {
			isa = PBXNativeTarget;
			buildConfigurationList = 9C5BA1C019F4C5A800F564FD /* Build configuration list for PBXNativeTarget "PostcardTests" */;
			buildPhases = (
				9C5BA1AF19F4C5A800F564FD /* Sources */,
				9C5BA1B019F4C5A800F564FD /* Frameworks */,
				9C5BA1B119F4C5A800F564FD /* Resources */,
			);
			buildRules = (
			);
			dependencies = (
				9C5BA1B519F4C5A800F564FD /* PBXTargetDependency */,
			);
			name = PostcardTests;
			productName = PostcardTests;
			productReference = 9C5BA1B319F4C5A800F564FD /* PostcardTests.xctest */;
			productType = "com.apple.product-type.bundle.unit-test";
		};
/* End PBXNativeTarget section */

/* Begin PBXProject section */
		9C5BA19619F4C5A800F564FD /* Project object */ = {
			isa = PBXProject;
			attributes = {
				LastUpgradeCheck = 0600;
				ORGANIZATIONNAME = EndQueue;
				TargetAttributes = {
					9C5BA19D19F4C5A800F564FD = {
						CreatedOnToolsVersion = 6.0.1;
					};
					9C5BA1B219F4C5A800F564FD = {
						CreatedOnToolsVersion = 6.0.1;
						TestTargetID = 9C5BA19D19F4C5A800F564FD;
					};
				};
			};
			buildConfigurationList = 9C5BA19919F4C5A800F564FD /* Build configuration list for PBXProject "Postcard" */;
			compatibilityVersion = "Xcode 3.2";
			developmentRegion = English;
			hasScannedForEncodings = 0;
			knownRegions = (
				en,
				Base,
			);
			mainGroup = 9C5BA19519F4C5A800F564FD;
			productRefGroup = 9C5BA19F19F4C5A800F564FD /* Products */;
			projectDirPath = "";
			projectRoot = "";
			targets = (
				9C5BA19D19F4C5A800F564FD /* Postcard */,
				9C5BA1B219F4C5A800F564FD /* PostcardTests */,
			);
		};
/* End PBXProject section */

/* Begin PBXResourcesBuildPhase section */
		9C5BA19C19F4C5A800F564FD /* Resources */ = {
			isa = PBXResourcesBuildPhase;
			buildActionMask = 2147483647;
			files = (
				9CD136FD19F632AA0035CEB6 /* bee-on-yellow-flower-silo.jpg in Resources */,
				9C5BA1A919F4C5A800F564FD /* Main.storyboard in Resources */,
				9C5BA1AE19F4C5A800F564FD /* LaunchScreen.xib in Resources */,
				9CD136FB19F62B290035CEB6 /* beehive.jpg in Resources */,
				9C5BA1AB19F4C5A800F564FD /* Images.xcassets in Resources */,
			);
			runOnlyForDeploymentPostprocessing = 0;
		};
		9C5BA1B119F4C5A800F564FD /* Resources */ = {
			isa = PBXResourcesBuildPhase;
			buildActionMask = 2147483647;
			files = (
			);
			runOnlyForDeploymentPostprocessing = 0;
		};
/* End PBXResourcesBuildPhase section */

/* Begin PBXSourcesBuildPhase section */
		9C5BA19A19F4C5A800F564FD /* Sources */ = {
			isa = PBXSourcesBuildPhase;
			buildActionMask = 2147483647;
			files = (
				9C5BA1A619F4C5A800F564FD /* ViewController.swift in Sources */,
				9C5BA1A419F4C5A800F564FD /* AppDelegate.swift in Sources */,
			);
			runOnlyForDeploymentPostprocessing = 0;
		};
		9C5BA1AF19F4C5A800F564FD /* Sources */ = {
			isa = PBXSourcesBuildPhase;
			buildActionMask = 2147483647;
			files = (
				9C5BA1BA19F4C5A800F564FD /* PostcardTests.swift in Sources */,
			);
			runOnlyForDeploymentPostprocessing = 0;
		};
/* End PBXSourcesBuildPhase section */

/* Begin PBXTargetDependency section */
		9C5BA1B519F4C5A800F564FD /* PBXTargetDependency */ = {
			isa = PBXTargetDependency;
			target = 9C5BA19D19F4C5A800F564FD /* Postcard */;
			targetProxy = 9C5BA1B419F4C5A800F564FD /* PBXContainerItemProxy */;
		};
/* End PBXTargetDependency section */

/* Begin PBXVariantGroup section */
		9C5BA1A719F4C5A800F564FD /* Main.storyboard */ = {
			isa = PBXVariantGroup;
			children = (
				9C5BA1A819F4C5A800F564FD /* Base */,
			);
			name = Main.storyboard;
			sourceTree = "<group>";
		};
		9C5BA1AC19F4C5A800F564FD /* LaunchScreen.xib */ = {
			isa = PBXVariantGroup;
			children = (
				9C5BA1AD19F4C5A800F564FD /* Base */,
			);
			name = LaunchScreen.xib;
			sourceTree = "<group>";
		};
/* End PBXVariantGroup section */

/* Begin XCBuildConfiguration section */
		9C5BA1BB19F4C5A800F564FD /* Debug */ = {
			isa = XCBuildConfiguration;
			buildSettings = {
				ALWAYS_SEARCH_USER_PATHS = NO;
				CLANG_CXX_LANGUAGE_STANDARD = "gnu++0x";
				CLANG_CXX_LIBRARY = "libc++";
				CLANG_ENABLE_MODULES = YES;
				CLANG_ENABLE_OBJC_ARC = YES;
				CLANG_WARN_BOOL_CONVERSION = YES;
				CLANG_WARN_CONSTANT_CONVERSION = YES;
				CLANG_WARN_DIRECT_OBJC_ISA_USAGE = YES_ERROR;
				CLANG_WARN_EMPTY_BODY = YES;
				CLANG_WARN_ENUM_CONVERSION = YES;
				CLANG_WARN_INT_CONVERSION = YES;
				CLANG_WARN_OBJC_ROOT_CLASS = YES_ERROR;
				CLANG_WARN_UNREACHABLE_CODE = YES;
				CLANG_WARN__DUPLICATE_METHOD_MATCH = YES;
				"CODE_SIGN_IDENTITY[sdk=iphoneos*]" = "iPhone Developer";
				COPY_PHASE_STRIP = NO;
				ENABLE_STRICT_OBJC_MSGSEND = YES;
				GCC_C_LANGUAGE_STANDARD = gnu99;
				GCC_DYNAMIC_NO_PIC = NO;
				GCC_OPTIMIZATION_LEVEL = 0;
				GCC_PREPROCESSOR_DEFINITIONS = (
					"DEBUG=1",
					"$(inherited)",
				);
				GCC_SYMBOLS_PRIVATE_EXTERN = NO;
				GCC_WARN_64_TO_32_BIT_CONVERSION = YES;
				GCC_WARN_ABOUT_RETURN_TYPE = YES_ERROR;
				GCC_WARN_UNDECLARED_SELECTOR = YES;
				GCC_WARN_UNINITIALIZED_AUTOS = YES_AGGRESSIVE;
				GCC_WARN_UNUSED_FUNCTION = YES;
				GCC_WARN_UNUSED_VARIABLE = YES;
				IPHONEOS_DEPLOYMENT_TARGET = 8.0;
				MTL_ENABLE_DEBUG_INFO = YES;
				ONLY_ACTIVE_ARCH = YES;
				SDKROOT = iphoneos;
				SWIFT_OPTIMIZATION_LEVEL = "-Onone";
			};
			name = Debug;
		};
		9C5BA1BC19F4C5A800F564FD /* Release */ = {
			isa = XCBuildConfiguration;
			buildSettings = {
				ALWAYS_SEARCH_USER_PATHS = NO;
				CLANG_CXX_LANGUAGE_STANDARD = "gnu++0x";
				CLANG_CXX_LIBRARY = "libc++";
				CLANG_ENABLE_MODULES = YES;
				CLANG_ENABLE_OBJC_ARC = YES;
				CLANG_WARN_BOOL_CONVERSION = YES;
				CLANG_WARN_CONSTANT_CONVERSION = YES;
				CLANG_WARN_DIRECT_OBJC_ISA_USAGE = YES_ERROR;
				CLANG_WARN_EMPTY_BODY = YES;
				CLANG_WARN_ENUM_CONVERSION = YES;
				CLANG_WARN_INT_CONVERSION = YES;
				CLANG_WARN_OBJC_ROOT_CLASS = YES_ERROR;
				CLANG_WARN_UNREACHABLE_CODE = YES;
				CLANG_WARN__DUPLICATE_METHOD_MATCH = YES;
				"CODE_SIGN_IDENTITY[sdk=iphoneos*]" = "iPhone Developer";
				COPY_PHASE_STRIP = YES;
				ENABLE_NS_ASSERTIONS = NO;
				ENABLE_STRICT_OBJC_MSGSEND = YES;
				GCC_C_LANGUAGE_STANDARD = gnu99;
				GCC_WARN_64_TO_32_BIT_CONVERSION = YES;
				GCC_WARN_ABOUT_RETURN_TYPE = YES_ERROR;
				GCC_WARN_UNDECLARED_SELECTOR = YES;
				GCC_WARN_UNINITIALIZED_AUTOS = YES_AGGRESSIVE;
				GCC_WARN_UNUSED_FUNCTION = YES;
				GCC_WARN_UNUSED_VARIABLE = YES;
				IPHONEOS_DEPLOYMENT_TARGET = 8.0;
				MTL_ENABLE_DEBUG_INFO = NO;
				SDKROOT = iphoneos;
				VALIDATE_PRODUCT = YES;
			};
			name = Release;
		};
		9C5BA1BE19F4C5A800F564FD /* Debug */ = {
			isa = XCBuildConfiguration;
			buildSettings = {
				ASSETCATALOG_COMPILER_APPICON_NAME = AppIcon;
				INFOPLIST_FILE = Postcard/Info.plist;
				LD_RUNPATH_SEARCH_PATHS = "$(inherited) @executable_path/Frameworks";
				PRODUCT_NAME = "$(TARGET_NAME)";
			};
			name = Debug;
		};
		9C5BA1BF19F4C5A800F564FD /* Release */ = {
			isa = XCBuildConfiguration;
			buildSettings = {
				ASSETCATALOG_COMPILER_APPICON_NAME = AppIcon;
				INFOPLIST_FILE = Postcard/Info.plist;
				LD_RUNPATH_SEARCH_PATHS = "$(inherited) @executable_path/Frameworks";
				PRODUCT_NAME = "$(TARGET_NAME)";
			};
			name = Release;
		};
		9C5BA1C119F4C5A800F564FD /* Debug */ = {
			isa = XCBuildConfiguration;
			buildSettings = {
				BUNDLE_LOADER = "$(TEST_HOST)";
				FRAMEWORK_SEARCH_PATHS = (
					"$(SDKROOT)/Developer/Library/Frameworks",
					"$(inherited)",
				);
				GCC_PREPROCESSOR_DEFINITIONS = (
					"DEBUG=1",
					"$(inherited)",
				);
				INFOPLIST_FILE = PostcardTests/Info.plist;
				LD_RUNPATH_SEARCH_PATHS = "$(inherited) @executable_path/Frameworks @loader_path/Frameworks";
				PRODUCT_NAME = "$(TARGET_NAME)";
				TEST_HOST = "$(BUILT_PRODUCTS_DIR)/Postcard.app/Postcard";
			};
			name = Debug;
		};
		9C5BA1C219F4C5A800F564FD /* Release */ = {
			isa = XCBuildConfiguration;
			buildSettings = {
				BUNDLE_LOADER = "$(TEST_HOST)";
				FRAMEWORK_SEARCH_PATHS = (
					"$(SDKROOT)/Developer/Library/Frameworks",
					"$(inherited)",
				);
				INFOPLIST_FILE = PostcardTests/Info.plist;
				LD_RUNPATH_SEARCH_PATHS = "$(inherited) @executable_path/Frameworks @loader_path/Frameworks";
				PRODUCT_NAME = "$(TARGET_NAME)";
				TEST_HOST = "$(BUILT_PRODUCTS_DIR)/Postcard.app/Postcard";
			};
			name = Release;
		};
/* End XCBuildConfiguration section */

/* Begin XCConfigurationList section */
		9C5BA19919F4C5A800F564FD /* Build configuration list for PBXProject "Postcard" */ = {
			isa = XCConfigurationList;
			buildConfigurations = (
				9C5BA1BB19F4C5A800F564FD /* Debug */,
				9C5BA1BC19F4C5A800F564FD /* Release */,
			);
			defaultConfigurationIsVisible = 0;
			defaultConfigurationName = Release;
		};
		9C5BA1BD19F4C5A800F564FD /* Build configuration list for PBXNativeTarget "Postcard" */ = {
			isa = XCConfigurationList;
			buildConfigurations = (
				9C5BA1BE19F4C5A800F564FD /* Debug */,
				9C5BA1BF19F4C5A800F564FD /* Release */,
			);
			defaultConfigurationIsVisible = 0;
			defaultConfigurationName = Release;
		};
		9C5BA1C019F4C5A800F564FD /* Build configuration list for PBXNativeTarget "PostcardTests" */ = {
			isa = XCConfigurationList;
			buildConfigurations = (
				9C5BA1C119F4C5A800F564FD /* Debug */,
				9C5BA1C219F4C5A800F564FD /* Release */,
			);
			defaultConfigurationIsVisible = 0;
			defaultConfigurationName = Release;
		};
/* End XCConfigurationList section */
	};
	rootObject = 9C5BA19619F4C5A800F564FD /* Project object */;
}
